
Microsoft Visual Studio Solution File, Format Version 12.00
# Visual Studio 15
VisualStudioVersion = 15.0.27130.2036
MinimumVisualStudioVersion = 10.0.40219.1
Project("{FAE04EC0-301F-11D3-BF4B-00C04F79EFBC}") = "coba", "coba\coba.csproj", "{4BB0F94E-226A-44A2-B331-15130DA437D0}"
EndProject
Global
	GlobalSection(SolutionConfigurationPlatforms) = preSolution
		Debug|Any CPU = Debug|Any CPU
		Release|Any CPU = Release|Any CPU
	EndGlobalSection
	GlobalSection(ProjectConfigurationPlatforms) = postSolution
		{4BB0F94E-226A-44A2-B331-15130DA437D0}.Debug|Any CPU.ActiveCfg = Debug|Any CPU
		{4BB0F94E-226A-44A2-B331-15130DA437D0}.Debug|Any CPU.Build.0 = Debug|Any CPU
		{4BB0F94E-226A-44A2-B331-15130DA437D0}.Release|Any CPU.ActiveCfg = Release|Any CPU
		{4BB0F94E-226A-44A2-B331-15130DA437D0}.Release|Any CPU.Build.0 = Release|Any CPU
	EndGlobalSection
	GlobalSection(SolutionProperties) = preSolution
		HideSolutionNode = FALSE
	EndGlobalSection
	GlobalSection(ExtensibilityGlobals) = postSolution
		SolutionGuid = {A6EFB3D4-8416-465D-B48D-9BC88BD4718A}
	EndGlobalSection
EndGlobal
